
Microsoft Visual Studio Solution File, Format Version 12.00
# Visual Studio Version 17
VisualStudioVersion = 17.9.34701.34
MinimumVisualStudioVersion = 10.0.40219.1
Project("{9A19103F-16F7-4668-BE54-9A1E7A4F7556}") = "AdminTool", "AdminTool\AdminTool.csproj", "{D58187CF-BF4F-47CE-BE98-48AC9070A005}"
EndProject
Project("{9A19103F-16F7-4668-BE54-9A1E7A4F7556}") = "Library", "..\Library\Library.csproj", "{9FEDA85A-5A66-4969-A94F-EA85F6B378B8}"
EndProject
Global
	GlobalSection(SolutionConfigurationPlatforms) = preSolution
		Debug|Any CPU = Debug|Any CPU
		Release|Any CPU = Release|Any CPU
	EndGlobalSection
	GlobalSection(ProjectConfigurationPlatforms) = postSolution
		{D58187CF-BF4F-47CE-BE98-48AC9070A005}.Debug|Any CPU.ActiveCfg = Debug|Any CPU
		{D58187CF-BF4F-47CE-BE98-48AC9070A005}.Debug|Any CPU.Build.0 = Debug|Any CPU
		{D58187CF-BF4F-47CE-BE98-48AC9070A005}.Release|Any CPU.ActiveCfg = Release|Any CPU
		{D58187CF-BF4F-47CE-BE98-48AC9070A005}.Release|Any CPU.Build.0 = Release|Any CPU
		{9FEDA85A-5A66-4969-A94F-EA85F6B378B8}.Debug|Any CPU.ActiveCfg = Debug|Any CPU
		{9FEDA85A-5A66-4969-A94F-EA85F6B378B8}.Debug|Any CPU.Build.0 = Debug|Any CPU
		{9FEDA85A-5A66-4969-A94F-EA85F6B378B8}.Release|Any CPU.ActiveCfg = Release|Any CPU
		{9FEDA85A-5A66-4969-A94F-EA85F6B378B8}.Release|Any CPU.Build.0 = Release|Any CPU
	EndGlobalSection
	GlobalSection(SolutionProperties) = preSolution
		HideSolutionNode = FALSE
	EndGlobalSection
	GlobalSection(ExtensibilityGlobals) = postSolution
		SolutionGuid = {639ABE08-1C6D-4D50-814D-EFA11ABC20B2}
	EndGlobalSection
EndGlobal
